// !$*UTF8*$!
{
	archiveVersion = 1;
	classes = {
	};
	objectVersion = 50;
	objects = {

/* Begin PBXBuildFile section */
		95B4B93E2269B9AE008CC63F /* AppDelegate.swift in Sources */ = {isa = PBXBuildFile; fileRef = 95B4B93D2269B9AE008CC63F /* AppDelegate.swift */; };
		95B4B9402269B9AE008CC63F /* ViewController.swift in Sources */ = {isa = PBXBuildFile; fileRef = 95B4B93F2269B9AE008CC63F /* ViewController.swift */; };
		95B4B9432269B9AE008CC63F /* Main.storyboard in Resources */ = {isa = PBXBuildFile; fileRef = 95B4B9412269B9AE008CC63F /* Main.storyboard */; };
		95B4B9452269B9AF008CC63F /* Assets.xcassets in Resources */ = {isa = PBXBuildFile; fileRef = 95B4B9442269B9AF008CC63F /* Assets.xcassets */; };
		95B4B9482269B9AF008CC63F /* LaunchScreen.storyboard in Resources */ = {isa = PBXBuildFile; fileRef = 95B4B9462269B9AF008CC63F /* LaunchScreen.storyboard */; };
		95B4B9502269D056008CC63F /* AboutViewController.swift in Sources */ = {isa = PBXBuildFile; fileRef = 95B4B94F2269D056008CC63F /* AboutViewController.swift */; };
		95B4B9522269D33D008CC63F /* AboutAuthorViewController.swift in Sources */ = {isa = PBXBuildFile; fileRef = 95B4B9512269D33D008CC63F /* AboutAuthorViewController.swift */; };
/* End PBXBuildFile section */

/* Begin PBXFileReference section */
		95B4B93A2269B9AE008CC63F /* BullsEyes.app */ = {isa = PBXFileReference; explicitFileType = wrapper.application; includeInIndex = 0; path = BullsEyes.app; sourceTree = BUILT_PRODUCTS_DIR; };
		95B4B93D2269B9AE008CC63F /* AppDelegate.swift */ = {isa = PBXFileReference; lastKnownFileType = sourcecode.swift; path = AppDelegate.swift; sourceTree = "<group>"; };
		95B4B93F2269B9AE008CC63F /* ViewController.swift */ = {isa = PBXFileReference; lastKnownFileType = sourcecode.swift; path = ViewController.swift; sourceTree = "<group>"; usesTabs = 1; };
		95B4B9422269B9AE008CC63F /* Base */ = {isa = PBXFileReference; lastKnownFileType = file.storyboard; name = Base; path = Base.lproj/Main.storyboard; sourceTree = "<group>"; };
		95B4B9442269B9AF008CC63F /* Assets.xcassets */ = {isa = PBXFileReference; lastKnownFileType = folder.assetcatalog; path = Assets.xcassets; sourceTree = "<group>"; };
		95B4B9472269B9AF008CC63F /* Base */ = {isa = PBXFileReference; lastKnownFileType = file.storyboard; name = Base; path = Base.lproj/LaunchScreen.storyboard; sourceTree = "<group>"; };
		95B4B9492269B9AF008CC63F /* Info.plist */ = {isa = PBXFileReference; lastKnownFileType = text.plist.xml; path = Info.plist; sourceTree = "<group>"; };
		95B4B94F2269D056008CC63F /* AboutViewController.swift */ = {isa = PBXFileReference; lastKnownFileType = sourcecode.swift; path = AboutViewController.swift; sourceTree = "<group>"; };
		95B4B9512269D33D008CC63F /* AboutAuthorViewController.swift */ = {isa = PBXFileReference; lastKnownFileType = sourcecode.swift; path = AboutAuthorViewController.swift; sourceTree = "<group>"; };
/* End PBXFileReference section */

/* Begin PBXFrameworksBuildPhase section */
		95B4B9372269B9AE008CC63F /* Frameworks */ = {
			isa = PBXFrameworksBuildPhase;
			buildActionMask = 2147483647;
			files = (
			);
			runOnlyForDeploymentPostprocessing = 0;
		};
/* End PBXFrameworksBuildPhase section */

/* Begin PBXGroup section */
		95B4B9312269B9AE008CC63F = {
			isa = PBXGroup;
			children = (
				95B4B93C2269B9AE008CC63F /* BullsEyes */,
				95B4B93B2269B9AE008CC63F /* Products */,
			);
			sourceTree = "<group>";
		};
		95B4B93B2269B9AE008CC63F /* Products */ = {
			isa = PBXGroup;
			children = (
				95B4B93A2269B9AE008CC63F /* BullsEyes.app */,
			);
			name = Products;
			sourceTree = "<group>";
		};
		95B4B93C2269B9AE008CC63F /* BullsEyes */ = {
			isa = PBXGroup;
			children = (
				95B4B93D2269B9AE008CC63F /* AppDelegate.swift */,
				95B4B93F2269B9AE008CC63F /* ViewController.swift */,
				95B4B94F2269D056008CC63F /* AboutViewController.swift */,
				95B4B9412269B9AE008CC63F /* Main.storyboard */,
				95B4B9442269B9AF008CC63F /* Assets.xcassets */,
				95B4B9462269B9AF008CC63F /* LaunchScreen.storyboard */,
				95B4B9492269B9AF008CC63F /* Info.plist */,
				95B4B9512269D33D008CC63F /* AboutAuthorViewController.swift */,
			);
			path = BullsEyes;
			sourceTree = "<group>";
		};
/* End PBXGroup section */

/* Begin PBXNativeTarget section */
		95B4B9392269B9AE008CC63F /* BullsEyes */ = {
			isa = PBXNativeTarget;
			buildConfigurationList = 95B4B94C2269B9AF008CC63F /* Build configuration list for PBXNativeTarget "BullsEyes" */;
			buildPhases = (
				95B4B9362269B9AE008CC63F /* Sources */,
				95B4B9372269B9AE008CC63F /* Frameworks */,
				95B4B9382269B9AE008CC63F /* Resources */,
			);
			buildRules = (
			);
			dependencies = (
			);
			name = BullsEyes;
			productName = BullsEyes;
			productReference = 95B4B93A2269B9AE008CC63F /* BullsEyes.app */;
			productType = "com.apple.product-type.application";
		};
/* End PBXNativeTarget section */

/* Begin PBXProject section */
		95B4B9322269B9AE008CC63F /* Project object */ = {
			isa = PBXProject;
			attributes = {
				LastSwiftUpdateCheck = 1020;
				LastUpgradeCheck = 1020;
				ORGANIZATIONNAME = "Le Trung";
				TargetAttributes = {
					95B4B9392269B9AE008CC63F = {
						CreatedOnToolsVersion = 10.2;
					};
				};
			};
			buildConfigurationList = 95B4B9352269B9AE008CC63F /* Build configuration list for PBXProject "BullsEyes" */;
			compatibilityVersion = "Xcode 9.3";
			developmentRegion = en;
			hasScannedForEncodings = 0;
			knownRegions = (
				en,
				Base,
			);
			mainGroup = 95B4B9312269B9AE008CC63F;
			productRefGroup = 95B4B93B2269B9AE008CC63F /* Products */;
			projectDirPath = "";
			projectRoot = "";
			targets = (
				95B4B9392269B9AE008CC63F /* BullsEyes */,
			);
		};
/* End PBXProject section */

/* Begin PBXResourcesBuildPhase section */
		95B4B9382269B9AE008CC63F /* Resources */ = {
			isa = PBXResourcesBuildPhase;
			buildActionMask = 2147483647;
			files = (
				95B4B9482269B9AF008CC63F /* LaunchScreen.storyboard in Resources */,
				95B4B9452269B9AF008CC63F /* Assets.xcassets in Resources */,
				95B4B9432269B9AE008CC63F /* Main.storyboard in Resources */,
			);
			runOnlyForDeploymentPostprocessing = 0;
		};
/* End PBXResourcesBuildPhase section */

/* Begin PBXSourcesBuildPhase section */
		95B4B9362269B9AE008CC63F /* Sources */ = {
			isa = PBXSourcesBuildPhase;
			buildActionMask = 2147483647;
			files = (
				95B4B9502269D056008CC63F /* AboutViewController.swift in Sources */,
				95B4B9402269B9AE008CC63F /* ViewController.swift in Sources */,
				95B4B93E2269B9AE008CC63F /* AppDelegate.swift in Sources */,
				95B4B9522269D33D008CC63F /* AboutAuthorViewController.swift in Sources */,
			);
			runOnlyForDeploymentPostprocessing = 0;
		};
/* End PBXSourcesBuildPhase section */

/* Begin PBXVariantGroup section */
		95B4B9412269B9AE008CC63F /* Main.storyboard */ = {
			isa = PBXVariantGroup;
			children = (
				95B4B9422269B9AE008CC63F /* Base */,
			);
			name = Main.storyboard;
			sourceTree = "<group>";
		};
		95B4B9462269B9AF008CC63F /* LaunchScreen.storyboard */ = {
			isa = PBXVariantGroup;
			children = (
				95B4B9472269B9AF008CC63F /* Base */,
			);
			name = LaunchScreen.storyboard;
			sourceTree = "<group>";
		};
/* End PBXVariantGroup section */

/* Begin XCBuildConfiguration section */
		95B4B94A2269B9AF008CC63F /* Debug */ = {
			isa = XCBuildConfiguration;
			buildSettings = {
				ALWAYS_SEARCH_USER_PATHS = NO;
				CLANG_ANALYZER_NONNULL = YES;
				CLANG_ANALYZER_NUMBER_OBJECT_CONVERSION = YES_AGGRESSIVE;
				CLANG_CXX_LANGUAGE_STANDARD = "gnu++14";
				CLANG_CXX_LIBRARY = "libc++";
				CLANG_ENABLE_MODULES = YES;
				CLANG_ENABLE_OBJC_ARC = YES;
				CLANG_ENABLE_OBJC_WEAK = YES;
				CLANG_WARN_BLOCK_CAPTURE_AUTORELEASING = YES;
				CLANG_WARN_BOOL_CONVERSION = YES;
				CLANG_WARN_COMMA = YES;
				CLANG_WARN_CONSTANT_CONVERSION = YES;
				CLANG_WARN_DEPRECATED_OBJC_IMPLEMENTATIONS = YES;
				CLANG_WARN_DIRECT_OBJC_ISA_USAGE = YES_ERROR;
				CLANG_WARN_DOCUMENTATION_COMMENTS = YES;
				CLANG_WARN_EMPTY_BODY = YES;
				CLANG_WARN_ENUM_CONVERSION = YES;
				CLANG_WARN_INFINITE_RECURSION = YES;
				CLANG_WARN_INT_CONVERSION = YES;
				CLANG_WARN_NON_LITERAL_NULL_CONVERSION = YES;
				CLANG_WARN_OBJC_IMPLICIT_RETAIN_SELF = YES;
				CLANG_WARN_OBJC_LITERAL_CONVERSION = YES;
				CLANG_WARN_OBJC_ROOT_CLASS = YES_ERROR;
				CLANG_WARN_RANGE_LOOP_ANALYSIS = YES;
				CLANG_WARN_STRICT_PROTOTYPES = YES;
				CLANG_WARN_SUSPICIOUS_MOVE = YES;
				CLANG_WARN_UNGUARDED_AVAILABILITY = YES_AGGRESSIVE;
				CLANG_WARN_UNREACHABLE_CODE = YES;
				CLANG_WARN__DUPLICATE_METHOD_MATCH = YES;
				CODE_SIGN_IDENTITY = "iPhone Developer";
				COPY_PHASE_STRIP = NO;
				DEBUG_INFORMATION_FORMAT = dwarf;
				ENABLE_STRICT_OBJC_MSGSEND = YES;
				ENABLE_TESTABILITY = YES;
				GCC_C_LANGUAGE_STANDARD = gnu11;
				GCC_DYNAMIC_NO_PIC = NO;
				GCC_NO_COMMON_BLOCKS = YES;
				GCC_OPTIMIZATION_LEVEL = 0;
				GCC_PREPROCESSOR_DEFINITIONS = (
					"DEBUG=1",
					"$(inherited)",
				);
				GCC_WARN_64_TO_32_BIT_CONVERSION = YES;
				GCC_WARN_ABOUT_RETURN_TYPE = YES_ERROR;
				GCC_WARN_UNDECLARED_SELECTOR = YES;
				GCC_WARN_UNINITIALIZED_AUTOS = YES_AGGRESSIVE;
				GCC_WARN_UNUSED_FUNCTION = YES;
				GCC_WARN_UNUSED_VARIABLE = YES;
				IPHONEOS_DEPLOYMENT_TARGET = 12.2;
				MTL_ENABLE_DEBUG_INFO = INCLUDE_SOURCE;
				MTL_FAST_MATH = YES;
				ONLY_ACTIVE_ARCH = YES;
				SDKROOT = iphoneos;
				SWIFT_ACTIVE_COMPILATION_CONDITIONS = DEBUG;
				SWIFT_OPTIMIZATION_LEVEL = "-Onone";
			};
			name = Debug;
		};
		95B4B94B2269B9AF008CC63F /* Release */ = {
			isa = XCBuildConfiguration;
			buildSettings = {
				ALWAYS_SEARCH_USER_PATHS = NO;
				CLANG_ANALYZER_NONNULL = YES;
				CLANG_ANALYZER_NUMBER_OBJECT_CONVERSION = YES_AGGRESSIVE;
				CLANG_CXX_LANGUAGE_STANDARD = "gnu++14";
				CLANG_CXX_LIBRARY = "libc++";
				CLANG_ENABLE_MODULES = YES;
				CLANG_ENABLE_OBJC_ARC = YES;
				CLANG_ENABLE_OBJC_WEAK = YES;
				CLANG_WARN_BLOCK_CAPTURE_AUTORELEASING = YES;
				CLANG_WARN_BOOL_CONVERSION = YES;
				CLANG_WARN_COMMA = YES;
				CLANG_WARN_CONSTANT_CONVERSION = YES;
				CLANG_WARN_DEPRECATED_OBJC_IMPLEMENTATIONS = YES;
				CLANG_WARN_DIRECT_OBJC_ISA_USAGE = YES_ERROR;
				CLANG_WARN_DOCUMENTATION_COMMENTS = YES;
				CLANG_WARN_EMPTY_BODY = YES;
				CLANG_WARN_ENUM_CONVERSION = YES;
				CLANG_WARN_INFINITE_RECURSION = YES;
				CLANG_WARN_INT_CONVERSION = YES;
				CLANG_WARN_NON_LITERAL_NULL_CONVERSION = YES;
				CLANG_WARN_OBJC_IMPLICIT_RETAIN_SELF = YES;
				CLANG_WARN_OBJC_LITERAL_CONVERSION = YES;
				CLANG_WARN_OBJC_ROOT_CLASS = YES_ERROR;
				CLANG_WARN_RANGE_LOOP_ANALYSIS = YES;
				CLANG_WARN_STRICT_PROTOTYPES = YES;
				CLANG_WARN_SUSPICIOUS_MOVE = YES;
				CLANG_WARN_UNGUARDED_AVAILABILITY = YES_AGGRESSIVE;
				CLANG_WARN_UNREACHABLE_CODE = YES;
				CLANG_WARN__DUPLICATE_METHOD_MATCH = YES;
				CODE_SIGN_IDENTITY = "iPhone Developer";
				COPY_PHASE_STRIP = NO;
				DEBUG_INFORMATION_FORMAT = "dwarf-with-dsym";
				ENABLE_NS_ASSERTIONS = NO;
				ENABLE_STRICT_OBJC_MSGSEND = YES;
				GCC_C_LANGUAGE_STANDARD = gnu11;
				GCC_NO_COMMON_BLOCKS = YES;
				GCC_WARN_64_TO_32_BIT_CONVERSION = YES;
				GCC_WARN_ABOUT_RETURN_TYPE = YES_ERROR;
				GCC_WARN_UNDECLARED_SELECTOR = YES;
				GCC_WARN_UNINITIALIZED_AUTOS = YES_AGGRESSIVE;
				GCC_WARN_UNUSED_FUNCTION = YES;
				GCC_WARN_UNUSED_VARIABLE = YES;
				IPHONEOS_DEPLOYMENT_TARGET = 12.2;
				MTL_ENABLE_DEBUG_INFO = NO;
				MTL_FAST_MATH = YES;
				SDKROOT = iphoneos;
				SWIFT_COMPILATION_MODE = wholemodule;
				SWIFT_OPTIMIZATION_LEVEL = "-O";
				VALIDATE_PRODUCT = YES;
			};
			name = Release;
		};
		95B4B94D2269B9AF008CC63F /* Debug */ = {
			isa = XCBuildConfiguration;
			buildSettings = {
				ASSETCATALOG_COMPILER_APPICON_NAME = AppIcon;
				CODE_SIGN_STYLE = Automatic;
				INFOPLIST_FILE = BullsEyes/Info.plist;
				LD_RUNPATH_SEARCH_PATHS = (
					"$(inherited)",
					"@executable_path/Frameworks",
				);
				PRODUCT_BUNDLE_IDENTIFIER = com.Trungle95.BullsEyes;
				PRODUCT_NAME = "$(TARGET_NAME)";
				SWIFT_VERSION = 5.0;
				TARGETED_DEVICE_FAMILY = "1,2";
			};
			name = Debug;
		};
		95B4B94E2269B9AF008CC63F /* Release */ = {
			isa = XCBuildConfiguration;
			buildSettings = {
				ASSETCATALOG_COMPILER_APPICON_NAME = AppIcon;
				CODE_SIGN_STYLE = Automatic;
				INFOPLIST_FILE = BullsEyes/Info.plist;
				LD_RUNPATH_SEARCH_PATHS = (
					"$(inherited)",
					"@executable_path/Frameworks",
				);
				PRODUCT_BUNDLE_IDENTIFIER = com.Trungle95.BullsEyes;
				PRODUCT_NAME = "$(TARGET_NAME)";
				SWIFT_VERSION = 5.0;
				TARGETED_DEVICE_FAMILY = "1,2";
			};
			name = Release;
		};
/* End XCBuildConfiguration section */

/* Begin XCConfigurationList section */
		95B4B9352269B9AE008CC63F /* Build configuration list for PBXProject "BullsEyes" */ = {
			isa = XCConfigurationList;
			buildConfigurations = (
				95B4B94A2269B9AF008CC63F /* Debug */,
				95B4B94B2269B9AF008CC63F /* Release */,
			);
			defaultConfigurationIsVisible = 0;
			defaultConfigurationName = Release;
		};
		95B4B94C2269B9AF008CC63F /* Build configuration list for PBXNativeTarget "BullsEyes" */ = {
			isa = XCConfigurationList;
			buildConfigurations = (
				95B4B94D2269B9AF008CC63F /* Debug */,
				95B4B94E2269B9AF008CC63F /* Release */,
			);
			defaultConfigurationIsVisible = 0;
			defaultConfigurationName = Release;
		};
/* End XCConfigurationList section */
	};
	rootObject = 95B4B9322269B9AE008CC63F /* Project object */;
}
